
Microsoft Visual Studio Solution File, Format Version 12.00
# Visual Studio Version 17
VisualStudioVersion = 17.4.33213.308
MinimumVisualStudioVersion = 10.0.40219.1
Project("{FAE04EC0-301F-11D3-BF4B-00C04F79EFBC}") = "SignalR-Chat", "SignalR-Chat\SignalR-Chat.csproj", "{90D4250D-B520-4598-9D8A-E0E075DF7412}"
EndProject
Global
	GlobalSection(SolutionConfigurationPlatforms) = preSolution
		Debug|Any CPU = Debug|Any CPU
		Release|Any CPU = Release|Any CPU
	EndGlobalSection
	GlobalSection(ProjectConfigurationPlatforms) = postSolution
		{90D4250D-B520-4598-9D8A-E0E075DF7412}.Debug|Any CPU.ActiveCfg = Debug|Any CPU
		{90D4250D-B520-4598-9D8A-E0E075DF7412}.Debug|Any CPU.Build.0 = Debug|Any CPU
		{90D4250D-B520-4598-9D8A-E0E075DF7412}.Release|Any CPU.ActiveCfg = Release|Any CPU
		{90D4250D-B520-4598-9D8A-E0E075DF7412}.Release|Any CPU.Build.0 = Release|Any CPU
	EndGlobalSection
	GlobalSection(SolutionProperties) = preSolution
		HideSolutionNode = FALSE
	EndGlobalSection
	GlobalSection(ExtensibilityGlobals) = postSolution
		SolutionGuid = {319C8923-AFE7-4FF3-B361-DE629F9CD9A0}
	EndGlobalSection
EndGlobal
